
Microsoft Visual Studio Solution File, Format Version 12.00
# Visual Studio Version 16
VisualStudioVersion = 16.0.30114.105
MinimumVisualStudioVersion = 10.0.40219.1
Project("{FAE04EC0-301F-11D3-BF4B-00C04F79EFBC}") = "StringLibrary", "StringLibrary\StringLibrary.csproj", "{DA9DF6D7-C8EB-4153-A21F-5FE5F926EAFC}"
EndProject
Project("{FAE04EC0-301F-11D3-BF4B-00C04F79EFBC}") = "ShowCase", "ShowCase\ShowCase.csproj", "{C1E4A49A-637B-43BA-BBC9-8F203A6690A4}"
EndProject
Global
	GlobalSection(SolutionConfigurationPlatforms) = preSolution
		Debug|Any CPU = Debug|Any CPU
		Release|Any CPU = Release|Any CPU
	EndGlobalSection
	GlobalSection(SolutionProperties) = preSolution
		HideSolutionNode = FALSE
	EndGlobalSection
	GlobalSection(ProjectConfigurationPlatforms) = postSolution
		{DA9DF6D7-C8EB-4153-A21F-5FE5F926EAFC}.Debug|Any CPU.ActiveCfg = Debug|Any CPU
		{DA9DF6D7-C8EB-4153-A21F-5FE5F926EAFC}.Debug|Any CPU.Build.0 = Debug|Any CPU
		{DA9DF6D7-C8EB-4153-A21F-5FE5F926EAFC}.Release|Any CPU.ActiveCfg = Release|Any CPU
		{DA9DF6D7-C8EB-4153-A21F-5FE5F926EAFC}.Release|Any CPU.Build.0 = Release|Any CPU
		{C1E4A49A-637B-43BA-BBC9-8F203A6690A4}.Debug|Any CPU.ActiveCfg = Debug|Any CPU
		{C1E4A49A-637B-43BA-BBC9-8F203A6690A4}.Debug|Any CPU.Build.0 = Debug|Any CPU
		{C1E4A49A-637B-43BA-BBC9-8F203A6690A4}.Release|Any CPU.ActiveCfg = Release|Any CPU
		{C1E4A49A-637B-43BA-BBC9-8F203A6690A4}.Release|Any CPU.Build.0 = Release|Any CPU
	EndGlobalSection
EndGlobal
